// !$*UTF8*$!
{
	archiveVersion = 1;
	classes = {
	};
	objectVersion = 52;
	objects = {

/* Begin PBXBuildFile section */
		4A155E4027229D3600C8B867 /* AvatarImageView.swift in Sources */ = {isa = PBXBuildFile; fileRef = 4A155E3F27229D3600C8B867 /* AvatarImageView.swift */; };
		4A155E432722A46300C8B867 /* Constants.swift in Sources */ = {isa = PBXBuildFile; fileRef = 4A155E422722A46300C8B867 /* Constants.swift */; };
		4A155E462722E03600C8B867 /* OpenHTTPClient.swift in Sources */ = {isa = PBXBuildFile; fileRef = 4A155E452722E03600C8B867 /* OpenHTTPClient.swift */; };
		4A155E482722F31C00C8B867 /* KHTTPClient.swift in Sources */ = {isa = PBXBuildFile; fileRef = 4A155E472722F31C00C8B867 /* KHTTPClient.swift */; };
		4A155E5A272415A800C8B867 /* UIView+Ext.swift in Sources */ = {isa = PBXBuildFile; fileRef = 4A155E59272415A800C8B867 /* UIView+Ext.swift */; };
		4A155E5C2724438B00C8B867 /* SettingsMenuCell.swift in Sources */ = {isa = PBXBuildFile; fileRef = 4A155E5B2724438B00C8B867 /* SettingsMenuCell.swift */; };
		4A155E602724D16600C8B867 /* UserMenuCell.swift in Sources */ = {isa = PBXBuildFile; fileRef = 4A155E5F2724D16600C8B867 /* UserMenuCell.swift */; };
		4A155E622725C1FD00C8B867 /* SettingsViewModel.swift in Sources */ = {isa = PBXBuildFile; fileRef = 4A155E612725C1FD00C8B867 /* SettingsViewModel.swift */; };
		4A3B5266271239CE00EF4F93 /* AppDelegate.swift in Sources */ = {isa = PBXBuildFile; fileRef = 4A3B5265271239CE00EF4F93 /* AppDelegate.swift */; };
		4A3B5268271239CE00EF4F93 /* SceneDelegate.swift in Sources */ = {isa = PBXBuildFile; fileRef = 4A3B5267271239CE00EF4F93 /* SceneDelegate.swift */; };
		4A3B526A271239CE00EF4F93 /* MainTabBarController.swift in Sources */ = {isa = PBXBuildFile; fileRef = 4A3B5269271239CE00EF4F93 /* MainTabBarController.swift */; };
		4A3B526F271239CF00EF4F93 /* Assets.xcassets in Resources */ = {isa = PBXBuildFile; fileRef = 4A3B526E271239CF00EF4F93 /* Assets.xcassets */; };
		4A3B5272271239CF00EF4F93 /* LaunchScreen.storyboard in Resources */ = {isa = PBXBuildFile; fileRef = 4A3B5270271239CF00EF4F93 /* LaunchScreen.storyboard */; };
		4A3B529B2712401D00EF4F93 /* HomeViewController.swift in Sources */ = {isa = PBXBuildFile; fileRef = 4A3B529A2712401D00EF4F93 /* HomeViewController.swift */; };
		4A3B529D2712421300EF4F93 /* SearchViewController.swift in Sources */ = {isa = PBXBuildFile; fileRef = 4A3B529C2712421300EF4F93 /* SearchViewController.swift */; };
		4A3B529F271242ED00EF4F93 /* SettingsViewController.swift in Sources */ = {isa = PBXBuildFile; fileRef = 4A3B529E271242ED00EF4F93 /* SettingsViewController.swift */; };
		4A3B52A22712461500EF4F93 /* ChatsViewController.swift in Sources */ = {isa = PBXBuildFile; fileRef = 4A3B52A12712461500EF4F93 /* ChatsViewController.swift */; };
		4A3B52A62712539300EF4F93 /* FirebaseAuthService.swift in Sources */ = {isa = PBXBuildFile; fileRef = 4A3B52A52712539300EF4F93 /* FirebaseAuthService.swift */; };
		4A3B52A9271256CD00EF4F93 /* LoginViewController.swift in Sources */ = {isa = PBXBuildFile; fileRef = 4A3B52A8271256CD00EF4F93 /* LoginViewController.swift */; };
		4A3B52AB27125C0A00EF4F93 /* MainViewControllerTests.swift in Sources */ = {isa = PBXBuildFile; fileRef = 4A3B52AA27125C0A00EF4F93 /* MainViewControllerTests.swift */; };
		4A3B52B027125C6700EF4F93 /* AuthableMock.swift in Sources */ = {isa = PBXBuildFile; fileRef = 4A3B52AF27125C6700EF4F93 /* AuthableMock.swift */; };
		4A3B52B527126DB000EF4F93 /* ScreenTitleLabel.swift in Sources */ = {isa = PBXBuildFile; fileRef = 4A3B52B427126DB000EF4F93 /* ScreenTitleLabel.swift */; };
		4A3B52B92712DC9100EF4F93 /* FirebaseAuth in Frameworks */ = {isa = PBXBuildFile; productRef = 4A3B52B82712DC9100EF4F93 /* FirebaseAuth */; };
		4A3B52BB2712DC9100EF4F93 /* FirebaseStorage in Frameworks */ = {isa = PBXBuildFile; productRef = 4A3B52BA2712DC9100EF4F93 /* FirebaseStorage */; };
		4A3B52BD2712DC9100EF4F93 /* FirebaseFirestore in Frameworks */ = {isa = PBXBuildFile; productRef = 4A3B52BC2712DC9100EF4F93 /* FirebaseFirestore */; };
		4A3B52C02712DDCE00EF4F93 /* GoogleSignIn in Frameworks */ = {isa = PBXBuildFile; productRef = 4A3B52BF2712DDCE00EF4F93 /* GoogleSignIn */; };
		4A3B52C22712DF2100EF4F93 /* GoogleService-Info.plist in Resources */ = {isa = PBXBuildFile; fileRef = 4A3B52C12712DF2100EF4F93 /* GoogleService-Info.plist */; };
		4A3B52C427131FE800EF4F93 /* LoginViewModel.swift in Sources */ = {isa = PBXBuildFile; fileRef = 4A3B52C327131FE800EF4F93 /* LoginViewModel.swift */; };
		4A3B52C72713996000EF4F93 /* GoogleSignInService.swift in Sources */ = {isa = PBXBuildFile; fileRef = 4A3B52C62713996000EF4F93 /* GoogleSignInService.swift */; };
		4A3B52C92713A02D00EF4F93 /* UIViewController+Ext.swift in Sources */ = {isa = PBXBuildFile; fileRef = 4A3B52C82713A02D00EF4F93 /* UIViewController+Ext.swift */; };
		4A3B52CD2714419B00EF4F93 /* LLError.swift in Sources */ = {isa = PBXBuildFile; fileRef = 4A3B52CC2714419B00EF4F93 /* LLError.swift */; };
		4A3B52D227144FF200EF4F93 /* User.swift in Sources */ = {isa = PBXBuildFile; fileRef = 4A3B52D127144FF200EF4F93 /* User.swift */; };
		4A3B52D527159CA300EF4F93 /* Coordinator.swift in Sources */ = {isa = PBXBuildFile; fileRef = 4A3B52D427159CA300EF4F93 /* Coordinator.swift */; };
		4A3B52DB2715ADEF00EF4F93 /* LoginCoordinator.swift in Sources */ = {isa = PBXBuildFile; fileRef = 4A3B52DA2715ADEF00EF4F93 /* LoginCoordinator.swift */; };
		4A3B52DD2715BA3700EF4F93 /* HomeCoordinator.swift in Sources */ = {isa = PBXBuildFile; fileRef = 4A3B52DC2715BA3700EF4F93 /* HomeCoordinator.swift */; };
		4A3B52DF2715C0F200EF4F93 /* SearchCoordinator.swift in Sources */ = {isa = PBXBuildFile; fileRef = 4A3B52DE2715C0F200EF4F93 /* SearchCoordinator.swift */; };
		4A3B52E12715C10500EF4F93 /* ChatsCoordinator.swift in Sources */ = {isa = PBXBuildFile; fileRef = 4A3B52E02715C10500EF4F93 /* ChatsCoordinator.swift */; };
		4A3B52E32715C11900EF4F93 /* SettingsCoordinator.swift in Sources */ = {isa = PBXBuildFile; fileRef = 4A3B52E22715C11900EF4F93 /* SettingsCoordinator.swift */; };
		4A3B52E52716083A00EF4F93 /* CoordinatorMock.swift in Sources */ = {isa = PBXBuildFile; fileRef = 4A3B52E42716083A00EF4F93 /* CoordinatorMock.swift */; };
		4AED5DD427174BDC00B7AC00 /* UserStorageMock.swift in Sources */ = {isa = PBXBuildFile; fileRef = 4AED5DD327174BDC00B7AC00 /* UserStorageMock.swift */; };
		4AED5E1A27197BA400B7AC00 /* Frankfurt.gpx in Resources */ = {isa = PBXBuildFile; fileRef = 4AED5E1927197BA400B7AC00 /* Frankfurt.gpx */; };
		4AED5E1D27197E1F00B7AC00 /* MapViewController.swift in Sources */ = {isa = PBXBuildFile; fileRef = 4AED5E1C27197E1F00B7AC00 /* MapViewController.swift */; };
		4AED5E202719D60000B7AC00 /* MapViewControllerTests.swift in Sources */ = {isa = PBXBuildFile; fileRef = 4AED5E1F2719D60000B7AC00 /* MapViewControllerTests.swift */; };
		4AED5E25271A0CFD00B7AC00 /* MKViewMock.swift in Sources */ = {isa = PBXBuildFile; fileRef = 4AED5E24271A0CFD00B7AC00 /* MKViewMock.swift */; };
		4AED5E27271A0D1300B7AC00 /* CLLocationManagerMock.swift in Sources */ = {isa = PBXBuildFile; fileRef = 4AED5E26271A0D1300B7AC00 /* CLLocationManagerMock.swift */; };
		4AED5E2A271ADC8500B7AC00 /* KRoundButton.swift in Sources */ = {isa = PBXBuildFile; fileRef = 4AED5E29271ADC8500B7AC00 /* KRoundButton.swift */; };
		4AED5E2D271B87ED00B7AC00 /* KAlertViewController.swift in Sources */ = {isa = PBXBuildFile; fileRef = 4AED5E2C271B87ED00B7AC00 /* KAlertViewController.swift */; };
		4AED5E30271C179F00B7AC00 /* KHeaderLabel.swift in Sources */ = {isa = PBXBuildFile; fileRef = 4AED5E2F271C179F00B7AC00 /* KHeaderLabel.swift */; };
		4AED5E32271C189E00B7AC00 /* KBodyLabel.swift in Sources */ = {isa = PBXBuildFile; fileRef = 4AED5E31271C189E00B7AC00 /* KBodyLabel.swift */; };
		4AED5E34271C199600B7AC00 /* KBasicButton.swift in Sources */ = {isa = PBXBuildFile; fileRef = 4AED5E33271C199600B7AC00 /* KBasicButton.swift */; };
		4AED5E37271D92B400B7AC00 /* APIClient.swift in Sources */ = {isa = PBXBuildFile; fileRef = 4AED5E36271D92B400B7AC00 /* APIClient.swift */; };
		4AED5E39271D92EA00B7AC00 /* APIRequest.swift in Sources */ = {isa = PBXBuildFile; fileRef = 4AED5E38271D92EA00B7AC00 /* APIRequest.swift */; };
		4AED5E3D271D95FC00B7AC00 /* AuthenticationRequest.swift in Sources */ = {isa = PBXBuildFile; fileRef = 4AED5E3C271D95FC00B7AC00 /* AuthenticationRequest.swift */; };
		4AED5E3F271D9E8200B7AC00 /* BackendAPIClient.swift in Sources */ = {isa = PBXBuildFile; fileRef = 4AED5E3E271D9E8200B7AC00 /* BackendAPIClient.swift */; };
		4AED5E46271E2A3200B7AC00 /* BackendConfig.swift in Sources */ = {isa = PBXBuildFile; fileRef = 4AED5E45271E2A3200B7AC00 /* BackendConfig.swift */; };
		4AED5E57271EBDF700B7AC00 /* KHTTPRequestInterceptor.swift in Sources */ = {isa = PBXBuildFile; fileRef = 4AED5E56271EBDF700B7AC00 /* KHTTPRequestInterceptor.swift */; };
		4AED5E5A271EBEE700B7AC00 /* KHTTPAPIClient.swift in Sources */ = {isa = PBXBuildFile; fileRef = 4AED5E59271EBEE700B7AC00 /* KHTTPAPIClient.swift */; };
		4AED5E5D271ECE9D00B7AC00 /* UserAPIClient.swift in Sources */ = {isa = PBXBuildFile; fileRef = 4AED5E5C271ECE9D00B7AC00 /* UserAPIClient.swift */; };
		4AED5E61271EE71600B7AC00 /* UpdateLocationRequest.swift in Sources */ = {isa = PBXBuildFile; fileRef = 4AED5E60271EE71600B7AC00 /* UpdateLocationRequest.swift */; };
		4AED5E63271EE9B000B7AC00 /* DefaultHeadersRequestInterceptor.swift in Sources */ = {isa = PBXBuildFile; fileRef = 4AED5E62271EE9B000B7AC00 /* DefaultHeadersRequestInterceptor.swift */; };
		4AED5E65271F729F00B7AC00 /* TokenHeaderRequestInterceptor.swift in Sources */ = {isa = PBXBuildFile; fileRef = 4AED5E64271F729F00B7AC00 /* TokenHeaderRequestInterceptor.swift */; };
		4AED5E6A271FF2B200B7AC00 /* BackendResponse.swift in Sources */ = {isa = PBXBuildFile; fileRef = 4AED5E69271FF2B200B7AC00 /* BackendResponse.swift */; };
		4AED5E6C271FF32E00B7AC00 /* UpdateLocationResponse.swift in Sources */ = {isa = PBXBuildFile; fileRef = 4AED5E6B271FF32E00B7AC00 /* UpdateLocationResponse.swift */; };
		4AED5E6E2720039500B7AC00 /* AuthenticationResponse.swift in Sources */ = {isa = PBXBuildFile; fileRef = 4AED5E6D2720039500B7AC00 /* AuthenticationResponse.swift */; };
		4AED5E712720176900B7AC00 /* Storage.swift in Sources */ = {isa = PBXBuildFile; fileRef = 4AED5E702720176900B7AC00 /* Storage.swift */; };
		4AED5E7327201AD200B7AC00 /* ProfileStorage.swift in Sources */ = {isa = PBXBuildFile; fileRef = 4AED5E7227201AD200B7AC00 /* ProfileStorage.swift */; };
		4AED5E7527201BCF00B7AC00 /* SimpleStringStorage.swift in Sources */ = {isa = PBXBuildFile; fileRef = 4AED5E7427201BCF00B7AC00 /* SimpleStringStorage.swift */; };
		4AED5E7A27201E5000B7AC00 /* StorageService.swift in Sources */ = {isa = PBXBuildFile; fileRef = 4AED5E7927201E5000B7AC00 /* StorageService.swift */; };
		4AED5E7C27209C8D00B7AC00 /* BackendAuthService.swift in Sources */ = {isa = PBXBuildFile; fileRef = 4AED5E7B27209C8D00B7AC00 /* BackendAuthService.swift */; };
		4AED5E7E2720A50400B7AC00 /* AuthService.swift in Sources */ = {isa = PBXBuildFile; fileRef = 4AED5E7D2720A50400B7AC00 /* AuthService.swift */; };
		4AED5E802720C2D200B7AC00 /* JWTDecode.swift in Sources */ = {isa = PBXBuildFile; fileRef = 4AED5E7F2720C2D200B7AC00 /* JWTDecode.swift */; };
		4AED5E8627219E7300B7AC00 /* ProfileCell.swift in Sources */ = {isa = PBXBuildFile; fileRef = 4AED5E8527219E7300B7AC00 /* ProfileCell.swift */; };
		4AEE8F6B2725D9B2004CB686 /* Bindable.swift in Sources */ = {isa = PBXBuildFile; fileRef = 4AEE8F6A2725D9B2004CB686 /* Bindable.swift */; };
/* End PBXBuildFile section */

/* Begin PBXContainerItemProxy section */
		4A3B5279271239CF00EF4F93 /* PBXContainerItemProxy */ = {
			isa = PBXContainerItemProxy;
			containerPortal = 4A3B525A271239CE00EF4F93 /* Project object */;
			proxyType = 1;
			remoteGlobalIDString = 4A3B5261271239CE00EF4F93;
			remoteInfo = "luzie-locke-ios";
		};
/* End PBXContainerItemProxy section */

/* Begin PBXFileReference section */
		4A155E3F27229D3600C8B867 /* AvatarImageView.swift */ = {isa = PBXFileReference; lastKnownFileType = sourcecode.swift; path = AvatarImageView.swift; sourceTree = "<group>"; };
		4A155E422722A46300C8B867 /* Constants.swift */ = {isa = PBXFileReference; lastKnownFileType = sourcecode.swift; path = Constants.swift; sourceTree = "<group>"; };
		4A155E452722E03600C8B867 /* OpenHTTPClient.swift */ = {isa = PBXFileReference; lastKnownFileType = sourcecode.swift; path = OpenHTTPClient.swift; sourceTree = "<group>"; };
		4A155E472722F31C00C8B867 /* KHTTPClient.swift */ = {isa = PBXFileReference; lastKnownFileType = sourcecode.swift; path = KHTTPClient.swift; sourceTree = "<group>"; };
		4A155E59272415A800C8B867 /* UIView+Ext.swift */ = {isa = PBXFileReference; lastKnownFileType = sourcecode.swift; path = "UIView+Ext.swift"; sourceTree = "<group>"; };
		4A155E5B2724438B00C8B867 /* SettingsMenuCell.swift */ = {isa = PBXFileReference; lastKnownFileType = sourcecode.swift; path = SettingsMenuCell.swift; sourceTree = "<group>"; };
		4A155E5F2724D16600C8B867 /* UserMenuCell.swift */ = {isa = PBXFileReference; lastKnownFileType = sourcecode.swift; path = UserMenuCell.swift; sourceTree = "<group>"; };
		4A155E612725C1FD00C8B867 /* SettingsViewModel.swift */ = {isa = PBXFileReference; lastKnownFileType = sourcecode.swift; path = SettingsViewModel.swift; sourceTree = "<group>"; };
		4A3B5262271239CE00EF4F93 /* luzie-locke-ios.app */ = {isa = PBXFileReference; explicitFileType = wrapper.application; includeInIndex = 0; path = "luzie-locke-ios.app"; sourceTree = BUILT_PRODUCTS_DIR; };
		4A3B5265271239CE00EF4F93 /* AppDelegate.swift */ = {isa = PBXFileReference; lastKnownFileType = sourcecode.swift; path = AppDelegate.swift; sourceTree = "<group>"; };
		4A3B5267271239CE00EF4F93 /* SceneDelegate.swift */ = {isa = PBXFileReference; lastKnownFileType = sourcecode.swift; path = SceneDelegate.swift; sourceTree = "<group>"; };
		4A3B5269271239CE00EF4F93 /* MainTabBarController.swift */ = {isa = PBXFileReference; lastKnownFileType = sourcecode.swift; path = MainTabBarController.swift; sourceTree = "<group>"; };
		4A3B526E271239CF00EF4F93 /* Assets.xcassets */ = {isa = PBXFileReference; lastKnownFileType = folder.assetcatalog; path = Assets.xcassets; sourceTree = "<group>"; };
		4A3B5271271239CF00EF4F93 /* Base */ = {isa = PBXFileReference; lastKnownFileType = file.storyboard; name = Base; path = Base.lproj/LaunchScreen.storyboard; sourceTree = "<group>"; };
		4A3B5273271239CF00EF4F93 /* Info.plist */ = {isa = PBXFileReference; lastKnownFileType = text.plist.xml; path = Info.plist; sourceTree = "<group>"; };
		4A3B5278271239CF00EF4F93 /* luzie-locke-iosTests.xctest */ = {isa = PBXFileReference; explicitFileType = wrapper.cfbundle; includeInIndex = 0; path = "luzie-locke-iosTests.xctest"; sourceTree = BUILT_PRODUCTS_DIR; };
		4A3B527E271239CF00EF4F93 /* Info.plist */ = {isa = PBXFileReference; lastKnownFileType = text.plist.xml; path = Info.plist; sourceTree = "<group>"; };
		4A3B529A2712401D00EF4F93 /* HomeViewController.swift */ = {isa = PBXFileReference; lastKnownFileType = sourcecode.swift; path = HomeViewController.swift; sourceTree = "<group>"; };
		4A3B529C2712421300EF4F93 /* SearchViewController.swift */ = {isa = PBXFileReference; lastKnownFileType = sourcecode.swift; path = SearchViewController.swift; sourceTree = "<group>"; };
		4A3B529E271242ED00EF4F93 /* SettingsViewController.swift */ = {isa = PBXFileReference; lastKnownFileType = sourcecode.swift; path = SettingsViewController.swift; sourceTree = "<group>"; };
		4A3B52A12712461500EF4F93 /* ChatsViewController.swift */ = {isa = PBXFileReference; lastKnownFileType = sourcecode.swift; path = ChatsViewController.swift; sourceTree = "<group>"; };
		4A3B52A52712539300EF4F93 /* FirebaseAuthService.swift */ = {isa = PBXFileReference; lastKnownFileType = sourcecode.swift; path = FirebaseAuthService.swift; sourceTree = "<group>"; };
		4A3B52A8271256CD00EF4F93 /* LoginViewController.swift */ = {isa = PBXFileReference; lastKnownFileType = sourcecode.swift; path = LoginViewController.swift; sourceTree = "<group>"; };
		4A3B52AA27125C0A00EF4F93 /* MainViewControllerTests.swift */ = {isa = PBXFileReference; lastKnownFileType = sourcecode.swift; path = MainViewControllerTests.swift; sourceTree = "<group>"; };
		4A3B52AF27125C6700EF4F93 /* AuthableMock.swift */ = {isa = PBXFileReference; lastKnownFileType = sourcecode.swift; path = AuthableMock.swift; sourceTree = "<group>"; };
		4A3B52B427126DB000EF4F93 /* ScreenTitleLabel.swift */ = {isa = PBXFileReference; lastKnownFileType = sourcecode.swift; path = ScreenTitleLabel.swift; sourceTree = "<group>"; };
		4A3B52C12712DF2100EF4F93 /* GoogleService-Info.plist */ = {isa = PBXFileReference; fileEncoding = 4; lastKnownFileType = text.plist.xml; path = "GoogleService-Info.plist"; sourceTree = "<group>"; };
		4A3B52C327131FE800EF4F93 /* LoginViewModel.swift */ = {isa = PBXFileReference; lastKnownFileType = sourcecode.swift; path = LoginViewModel.swift; sourceTree = "<group>"; };
		4A3B52C62713996000EF4F93 /* GoogleSignInService.swift */ = {isa = PBXFileReference; lastKnownFileType = sourcecode.swift; path = GoogleSignInService.swift; sourceTree = "<group>"; };
		4A3B52C82713A02D00EF4F93 /* UIViewController+Ext.swift */ = {isa = PBXFileReference; lastKnownFileType = sourcecode.swift; path = "UIViewController+Ext.swift"; sourceTree = "<group>"; };
		4A3B52CC2714419B00EF4F93 /* LLError.swift */ = {isa = PBXFileReference; lastKnownFileType = sourcecode.swift; path = LLError.swift; sourceTree = "<group>"; };
		4A3B52D127144FF200EF4F93 /* User.swift */ = {isa = PBXFileReference; lastKnownFileType = sourcecode.swift; path = User.swift; sourceTree = "<group>"; };
		4A3B52D427159CA300EF4F93 /* Coordinator.swift */ = {isa = PBXFileReference; lastKnownFileType = sourcecode.swift; path = Coordinator.swift; sourceTree = "<group>"; };
		4A3B52DA2715ADEF00EF4F93 /* LoginCoordinator.swift */ = {isa = PBXFileReference; lastKnownFileType = sourcecode.swift; path = LoginCoordinator.swift; sourceTree = "<group>"; };
		4A3B52DC2715BA3700EF4F93 /* HomeCoordinator.swift */ = {isa = PBXFileReference; lastKnownFileType = sourcecode.swift; path = HomeCoordinator.swift; sourceTree = "<group>"; };
		4A3B52DE2715C0F200EF4F93 /* SearchCoordinator.swift */ = {isa = PBXFileReference; lastKnownFileType = sourcecode.swift; path = SearchCoordinator.swift; sourceTree = "<group>"; };
		4A3B52E02715C10500EF4F93 /* ChatsCoordinator.swift */ = {isa = PBXFileReference; lastKnownFileType = sourcecode.swift; path = ChatsCoordinator.swift; sourceTree = "<group>"; };
		4A3B52E22715C11900EF4F93 /* SettingsCoordinator.swift */ = {isa = PBXFileReference; lastKnownFileType = sourcecode.swift; path = SettingsCoordinator.swift; sourceTree = "<group>"; };
		4A3B52E42716083A00EF4F93 /* CoordinatorMock.swift */ = {isa = PBXFileReference; lastKnownFileType = sourcecode.swift; path = CoordinatorMock.swift; sourceTree = "<group>"; };
		4AED5DD327174BDC00B7AC00 /* UserStorageMock.swift */ = {isa = PBXFileReference; lastKnownFileType = sourcecode.swift; path = UserStorageMock.swift; sourceTree = "<group>"; };
		4AED5E1927197BA400B7AC00 /* Frankfurt.gpx */ = {isa = PBXFileReference; fileEncoding = 4; lastKnownFileType = text.xml; path = Frankfurt.gpx; sourceTree = "<group>"; };
		4AED5E1C27197E1F00B7AC00 /* MapViewController.swift */ = {isa = PBXFileReference; lastKnownFileType = sourcecode.swift; path = MapViewController.swift; sourceTree = "<group>"; };
		4AED5E1F2719D60000B7AC00 /* MapViewControllerTests.swift */ = {isa = PBXFileReference; lastKnownFileType = sourcecode.swift; path = MapViewControllerTests.swift; sourceTree = "<group>"; };
		4AED5E24271A0CFD00B7AC00 /* MKViewMock.swift */ = {isa = PBXFileReference; lastKnownFileType = sourcecode.swift; path = MKViewMock.swift; sourceTree = "<group>"; };
		4AED5E26271A0D1300B7AC00 /* CLLocationManagerMock.swift */ = {isa = PBXFileReference; lastKnownFileType = sourcecode.swift; path = CLLocationManagerMock.swift; sourceTree = "<group>"; };
		4AED5E29271ADC8500B7AC00 /* KRoundButton.swift */ = {isa = PBXFileReference; lastKnownFileType = sourcecode.swift; path = KRoundButton.swift; sourceTree = "<group>"; };
		4AED5E2C271B87ED00B7AC00 /* KAlertViewController.swift */ = {isa = PBXFileReference; lastKnownFileType = sourcecode.swift; path = KAlertViewController.swift; sourceTree = "<group>"; };
		4AED5E2F271C179F00B7AC00 /* KHeaderLabel.swift */ = {isa = PBXFileReference; lastKnownFileType = sourcecode.swift; path = KHeaderLabel.swift; sourceTree = "<group>"; };
		4AED5E31271C189E00B7AC00 /* KBodyLabel.swift */ = {isa = PBXFileReference; lastKnownFileType = sourcecode.swift; path = KBodyLabel.swift; sourceTree = "<group>"; };
		4AED5E33271C199600B7AC00 /* KBasicButton.swift */ = {isa = PBXFileReference; lastKnownFileType = sourcecode.swift; path = KBasicButton.swift; sourceTree = "<group>"; };
		4AED5E36271D92B400B7AC00 /* APIClient.swift */ = {isa = PBXFileReference; lastKnownFileType = sourcecode.swift; path = APIClient.swift; sourceTree = "<group>"; };
		4AED5E38271D92EA00B7AC00 /* APIRequest.swift */ = {isa = PBXFileReference; lastKnownFileType = sourcecode.swift; path = APIRequest.swift; sourceTree = "<group>"; };
		4AED5E3C271D95FC00B7AC00 /* AuthenticationRequest.swift */ = {isa = PBXFileReference; lastKnownFileType = sourcecode.swift; path = AuthenticationRequest.swift; sourceTree = "<group>"; };
		4AED5E3E271D9E8200B7AC00 /* BackendAPIClient.swift */ = {isa = PBXFileReference; lastKnownFileType = sourcecode.swift; path = BackendAPIClient.swift; sourceTree = "<group>"; };
		4AED5E45271E2A3200B7AC00 /* BackendConfig.swift */ = {isa = PBXFileReference; lastKnownFileType = sourcecode.swift; path = BackendConfig.swift; sourceTree = "<group>"; };
		4AED5E56271EBDF700B7AC00 /* KHTTPRequestInterceptor.swift */ = {isa = PBXFileReference; lastKnownFileType = sourcecode.swift; path = KHTTPRequestInterceptor.swift; sourceTree = "<group>"; };
		4AED5E59271EBEE700B7AC00 /* KHTTPAPIClient.swift */ = {isa = PBXFileReference; lastKnownFileType = sourcecode.swift; path = KHTTPAPIClient.swift; sourceTree = "<group>"; };
		4AED5E5C271ECE9D00B7AC00 /* UserAPIClient.swift */ = {isa = PBXFileReference; lastKnownFileType = sourcecode.swift; path = UserAPIClient.swift; sourceTree = "<group>"; };
		4AED5E60271EE71600B7AC00 /* UpdateLocationRequest.swift */ = {isa = PBXFileReference; lastKnownFileType = sourcecode.swift; path = UpdateLocationRequest.swift; sourceTree = "<group>"; };
		4AED5E62271EE9B000B7AC00 /* DefaultHeadersRequestInterceptor.swift */ = {isa = PBXFileReference; lastKnownFileType = sourcecode.swift; path = DefaultHeadersRequestInterceptor.swift; sourceTree = "<group>"; };
		4AED5E64271F729F00B7AC00 /* TokenHeaderRequestInterceptor.swift */ = {isa = PBXFileReference; lastKnownFileType = sourcecode.swift; path = TokenHeaderRequestInterceptor.swift; sourceTree = "<group>"; };
		4AED5E69271FF2B200B7AC00 /* BackendResponse.swift */ = {isa = PBXFileReference; lastKnownFileType = sourcecode.swift; path = BackendResponse.swift; sourceTree = "<group>"; };
		4AED5E6B271FF32E00B7AC00 /* UpdateLocationResponse.swift */ = {isa = PBXFileReference; lastKnownFileType = sourcecode.swift; path = UpdateLocationResponse.swift; sourceTree = "<group>"; };
		4AED5E6D2720039500B7AC00 /* AuthenticationResponse.swift */ = {isa = PBXFileReference; lastKnownFileType = sourcecode.swift; path = AuthenticationResponse.swift; sourceTree = "<group>"; };
		4AED5E702720176900B7AC00 /* Storage.swift */ = {isa = PBXFileReference; lastKnownFileType = sourcecode.swift; path = Storage.swift; sourceTree = "<group>"; };
		4AED5E7227201AD200B7AC00 /* ProfileStorage.swift */ = {isa = PBXFileReference; lastKnownFileType = sourcecode.swift; path = ProfileStorage.swift; sourceTree = "<group>"; };
		4AED5E7427201BCF00B7AC00 /* SimpleStringStorage.swift */ = {isa = PBXFileReference; lastKnownFileType = sourcecode.swift; path = SimpleStringStorage.swift; sourceTree = "<group>"; };
		4AED5E7927201E5000B7AC00 /* StorageService.swift */ = {isa = PBXFileReference; lastKnownFileType = sourcecode.swift; path = StorageService.swift; sourceTree = "<group>"; };
		4AED5E7B27209C8D00B7AC00 /* BackendAuthService.swift */ = {isa = PBXFileReference; lastKnownFileType = sourcecode.swift; path = BackendAuthService.swift; sourceTree = "<group>"; };
		4AED5E7D2720A50400B7AC00 /* AuthService.swift */ = {isa = PBXFileReference; lastKnownFileType = sourcecode.swift; path = AuthService.swift; sourceTree = "<group>"; };
		4AED5E7F2720C2D200B7AC00 /* JWTDecode.swift */ = {isa = PBXFileReference; lastKnownFileType = sourcecode.swift; path = JWTDecode.swift; sourceTree = "<group>"; };
		4AED5E8527219E7300B7AC00 /* ProfileCell.swift */ = {isa = PBXFileReference; lastKnownFileType = sourcecode.swift; path = ProfileCell.swift; sourceTree = "<group>"; };
		4AEE8F6A2725D9B2004CB686 /* Bindable.swift */ = {isa = PBXFileReference; lastKnownFileType = sourcecode.swift; path = Bindable.swift; sourceTree = "<group>"; };
/* End PBXFileReference section */

/* Begin PBXFrameworksBuildPhase section */
		4A3B525F271239CE00EF4F93 /* Frameworks */ = {
			isa = PBXFrameworksBuildPhase;
			buildActionMask = 2147483647;
			files = (
				4A3B52B92712DC9100EF4F93 /* FirebaseAuth in Frameworks */,
				4A3B52C02712DDCE00EF4F93 /* GoogleSignIn in Frameworks */,
				4A3B52BB2712DC9100EF4F93 /* FirebaseStorage in Frameworks */,
				4A3B52BD2712DC9100EF4F93 /* FirebaseFirestore in Frameworks */,
			);
			runOnlyForDeploymentPostprocessing = 0;
		};
		4A3B5275271239CF00EF4F93 /* Frameworks */ = {
			isa = PBXFrameworksBuildPhase;
			buildActionMask = 2147483647;
			files = (
			);
			runOnlyForDeploymentPostprocessing = 0;
		};
/* End PBXFrameworksBuildPhase section */

/* Begin PBXGroup section */
		4A155E4127229D3B00C8B867 /* ImageViews */ = {
			isa = PBXGroup;
			children = (
				4A155E3F27229D3600C8B867 /* AvatarImageView.swift */,
			);
			path = ImageViews;
			sourceTree = "<group>";
		};
		4A155E442722E02800C8B867 /* OpenHTTPClient */ = {
			isa = PBXGroup;
			children = (
				4A155E452722E03600C8B867 /* OpenHTTPClient.swift */,
			);
			path = OpenHTTPClient;
			sourceTree = "<group>";
		};
		4A155E5227240B0F00C8B867 /* Components */ = {
			isa = PBXGroup;
			children = (
				4A155E5527240D1500C8B867 /* ImageMenu */,
				4A155E4127229D3B00C8B867 /* ImageViews */,
				4A3B52B327126D6000EF4F93 /* Labels */,
			);
			path = Components;
			sourceTree = "<group>";
		};
		4A155E5527240D1500C8B867 /* ImageMenu */ = {
			isa = PBXGroup;
			children = (
			);
			path = ImageMenu;
			sourceTree = "<group>";
		};
		4A3B5259271239CE00EF4F93 = {
			isa = PBXGroup;
			children = (
				4A3B5264271239CE00EF4F93 /* luzie-locke-ios */,
				4A3B527B271239CF00EF4F93 /* luzie-locke-iosTests */,
				4A3B5263271239CE00EF4F93 /* Products */,
			);
			sourceTree = "<group>";
		};
		4A3B5263271239CE00EF4F93 /* Products */ = {
			isa = PBXGroup;
			children = (
				4A3B5262271239CE00EF4F93 /* luzie-locke-ios.app */,
				4A3B5278271239CF00EF4F93 /* luzie-locke-iosTests.xctest */,
			);
			name = Products;
			sourceTree = "<group>";
		};
		4A3B5264271239CE00EF4F93 /* luzie-locke-ios */ = {
			isa = PBXGroup;
			children = (
				4AED5E44271E2A1A00B7AC00 /* Configs */,
				4A3B52D327159C8E00EF4F93 /* Coordinators */,
				4A3B52CB2714415900EF4F93 /* Utilities */,
				4A3B52CA2714415400EF4F93 /* Common */,
				4A3B52A32712536F00EF4F93 /* Services */,
				4A3B529627123DA800EF4F93 /* Models */,
				4A3B529527123DA300EF4F93 /* Views */,
				4A3B529727123DAD00EF4F93 /* ViewModels */,
				4AED5E1B27197BD700B7AC00 /* Supports */,
				4A3B5265271239CE00EF4F93 /* AppDelegate.swift */,
				4A3B5267271239CE00EF4F93 /* SceneDelegate.swift */,
				4A3B526E271239CF00EF4F93 /* Assets.xcassets */,
				4A3B5273271239CF00EF4F93 /* Info.plist */,
				4A3B52C12712DF2100EF4F93 /* GoogleService-Info.plist */,
			);
			path = "luzie-locke-ios";
			sourceTree = "<group>";
		};
		4A3B527B271239CF00EF4F93 /* luzie-locke-iosTests */ = {
			isa = PBXGroup;
			children = (
				4A3B52AE27125C4A00EF4F93 /* Mocks */,
				4A3B52AC27125C3000EF4F93 /* Views */,
				4A3B527E271239CF00EF4F93 /* Info.plist */,
			);
			path = "luzie-locke-iosTests";
			sourceTree = "<group>";
		};
		4A3B529527123DA300EF4F93 /* Views */ = {
			isa = PBXGroup;
			children = (
				4AED5E8427219E5C00B7AC00 /* Cells */,
				4A155E5227240B0F00C8B867 /* Components */,
				4A3B529927123DCF00EF4F93 /* Screens */,
			);
			path = Views;
			sourceTree = "<group>";
		};
		4A3B529627123DA800EF4F93 /* Models */ = {
			isa = PBXGroup;
			children = (
				4A3B52D027144F0B00EF4F93 /* Auth */,
			);
			path = Models;
			sourceTree = "<group>";
		};
		4A3B529727123DAD00EF4F93 /* ViewModels */ = {
			isa = PBXGroup;
			children = (
				4A3B52C327131FE800EF4F93 /* LoginViewModel.swift */,
				4A155E612725C1FD00C8B867 /* SettingsViewModel.swift */,
			);
			path = ViewModels;
			sourceTree = "<group>";
		};
		4A3B529827123DC100EF4F93 /* Extensions */ = {
			isa = PBXGroup;
			children = (
				4A3B52C82713A02D00EF4F93 /* UIViewController+Ext.swift */,
				4A155E59272415A800C8B867 /* UIView+Ext.swift */,
			);
			path = Extensions;
			sourceTree = "<group>";
		};
		4A3B529927123DCF00EF4F93 /* Screens */ = {
			isa = PBXGroup;
			children = (
				4AED5E182719669600B7AC00 /* Map */,
				4A3B5269271239CE00EF4F93 /* MainTabBarController.swift */,
				4A3B52A8271256CD00EF4F93 /* LoginViewController.swift */,
				4A3B529A2712401D00EF4F93 /* HomeViewController.swift */,
				4A3B529C2712421300EF4F93 /* SearchViewController.swift */,
				4A3B52A12712461500EF4F93 /* ChatsViewController.swift */,
				4A3B529E271242ED00EF4F93 /* SettingsViewController.swift */,
				4A3B5270271239CF00EF4F93 /* LaunchScreen.storyboard */,
			);
			path = Screens;
			sourceTree = "<group>";
		};
		4A3B52A32712536F00EF4F93 /* Services */ = {
			isa = PBXGroup;
			children = (
				4AED5E7827201E2D00B7AC00 /* Storage */,
				4A155E442722E02800C8B867 /* OpenHTTPClient */,
				4AED5E35271D928F00B7AC00 /* BackendAPIClient */,
				4A3B52C5271398B500EF4F93 /* Auth */,
			);
			path = Services;
			sourceTree = "<group>";
		};
		4A3B52AC27125C3000EF4F93 /* Views */ = {
			isa = PBXGroup;
			children = (
				4A3B52AD27125C3600EF4F93 /* Screens */,
			);
			path = Views;
			sourceTree = "<group>";
		};
		4A3B52AD27125C3600EF4F93 /* Screens */ = {
			isa = PBXGroup;
			children = (
				4AED5E1E2719D5BF00B7AC00 /* Map */,
				4A3B52AA27125C0A00EF4F93 /* MainViewControllerTests.swift */,
			);
			path = Screens;
			sourceTree = "<group>";
		};
		4A3B52AE27125C4A00EF4F93 /* Mocks */ = {
			isa = PBXGroup;
			children = (
				4AED5E23271A0CCD00B7AC00 /* Map */,
				4A3B52AF27125C6700EF4F93 /* AuthableMock.swift */,
				4A3B52E42716083A00EF4F93 /* CoordinatorMock.swift */,
				4AED5DD327174BDC00B7AC00 /* UserStorageMock.swift */,
			);
			path = Mocks;
			sourceTree = "<group>";
		};
		4A3B52B327126D6000EF4F93 /* Labels */ = {
			isa = PBXGroup;
			children = (
				4A3B52B427126DB000EF4F93 /* ScreenTitleLabel.swift */,
			);
			path = Labels;
			sourceTree = "<group>";
		};
		4A3B52C5271398B500EF4F93 /* Auth */ = {
			isa = PBXGroup;
			children = (
				4A3B52A52712539300EF4F93 /* FirebaseAuthService.swift */,
				4A3B52C62713996000EF4F93 /* GoogleSignInService.swift */,
				4AED5E7B27209C8D00B7AC00 /* BackendAuthService.swift */,
				4AED5E7D2720A50400B7AC00 /* AuthService.swift */,
			);
			path = Auth;
			sourceTree = "<group>";
		};
		4A3B52CA2714415400EF4F93 /* Common */ = {
			isa = PBXGroup;
			children = (
				4AED5E58271EBEC900B7AC00 /* HTTP */,
				4AED5E2E271C167B00B7AC00 /* Labels */,
				4AED5E2B271B87C600B7AC00 /* Popups */,
				4AED5E28271ADC2D00B7AC00 /* Buttons */,
				4A3B529827123DC100EF4F93 /* Extensions */,
			);
			path = Common;
			sourceTree = "<group>";
		};
		4A3B52CB2714415900EF4F93 /* Utilities */ = {
			isa = PBXGroup;
			children = (
				4A3B52CC2714419B00EF4F93 /* LLError.swift */,
				4AED5E7F2720C2D200B7AC00 /* JWTDecode.swift */,
				4A155E422722A46300C8B867 /* Constants.swift */,
				4AEE8F6A2725D9B2004CB686 /* Bindable.swift */,
			);
			path = Utilities;
			sourceTree = "<group>";
		};
		4A3B52D027144F0B00EF4F93 /* Auth */ = {
			isa = PBXGroup;
			children = (
				4A3B52D127144FF200EF4F93 /* User.swift */,
			);
			path = Auth;
			sourceTree = "<group>";
		};
		4A3B52D327159C8E00EF4F93 /* Coordinators */ = {
			isa = PBXGroup;
			children = (
				4A3B52D427159CA300EF4F93 /* Coordinator.swift */,
				4A3B52DA2715ADEF00EF4F93 /* LoginCoordinator.swift */,
				4A3B52DC2715BA3700EF4F93 /* HomeCoordinator.swift */,
				4A3B52DE2715C0F200EF4F93 /* SearchCoordinator.swift */,
				4A3B52E02715C10500EF4F93 /* ChatsCoordinator.swift */,
				4A3B52E22715C11900EF4F93 /* SettingsCoordinator.swift */,
			);
			path = Coordinators;
			sourceTree = "<group>";
		};
		4AED5E182719669600B7AC00 /* Map */ = {
			isa = PBXGroup;
			children = (
				4AED5E1C27197E1F00B7AC00 /* MapViewController.swift */,
			);
			path = Map;
			sourceTree = "<group>";
		};
		4AED5E1B27197BD700B7AC00 /* Supports */ = {
			isa = PBXGroup;
			children = (
				4AED5E1927197BA400B7AC00 /* Frankfurt.gpx */,
			);
			path = Supports;
			sourceTree = "<group>";
		};
		4AED5E1E2719D5BF00B7AC00 /* Map */ = {
			isa = PBXGroup;
			children = (
				4AED5E1F2719D60000B7AC00 /* MapViewControllerTests.swift */,
			);
			path = Map;
			sourceTree = "<group>";
		};
		4AED5E23271A0CCD00B7AC00 /* Map */ = {
			isa = PBXGroup;
			children = (
				4AED5E24271A0CFD00B7AC00 /* MKViewMock.swift */,
				4AED5E26271A0D1300B7AC00 /* CLLocationManagerMock.swift */,
			);
			path = Map;
			sourceTree = "<group>";
		};
		4AED5E28271ADC2D00B7AC00 /* Buttons */ = {
			isa = PBXGroup;
			children = (
				4AED5E29271ADC8500B7AC00 /* KRoundButton.swift */,
				4AED5E33271C199600B7AC00 /* KBasicButton.swift */,
			);
			path = Buttons;
			sourceTree = "<group>";
		};
		4AED5E2B271B87C600B7AC00 /* Popups */ = {
			isa = PBXGroup;
			children = (
				4AED5E2C271B87ED00B7AC00 /* KAlertViewController.swift */,
			);
			path = Popups;
			sourceTree = "<group>";
		};
		4AED5E2E271C167B00B7AC00 /* Labels */ = {
			isa = PBXGroup;
			children = (
				4AED5E2F271C179F00B7AC00 /* KHeaderLabel.swift */,
				4AED5E31271C189E00B7AC00 /* KBodyLabel.swift */,
			);
			path = Labels;
			sourceTree = "<group>";
		};
		4AED5E35271D928F00B7AC00 /* BackendAPIClient */ = {
			isa = PBXGroup;
			children = (
				4AED5E5E271ED0B200B7AC00 /* Interceptors */,
				4AED5E5B271ECE7F00B7AC00 /* Clients */,
				4AED5E3E271D9E8200B7AC00 /* BackendAPIClient.swift */,
			);
			path = BackendAPIClient;
			sourceTree = "<group>";
		};
		4AED5E44271E2A1A00B7AC00 /* Configs */ = {
			isa = PBXGroup;
			children = (
				4AED5E45271E2A3200B7AC00 /* BackendConfig.swift */,
			);
			path = Configs;
			sourceTree = "<group>";
		};
		4AED5E58271EBEC900B7AC00 /* HTTP */ = {
			isa = PBXGroup;
			children = (
				4AED5E38271D92EA00B7AC00 /* APIRequest.swift */,
				4AED5E36271D92B400B7AC00 /* APIClient.swift */,
				4AED5E56271EBDF700B7AC00 /* KHTTPRequestInterceptor.swift */,
				4AED5E59271EBEE700B7AC00 /* KHTTPAPIClient.swift */,
				4A155E472722F31C00C8B867 /* KHTTPClient.swift */,
			);
			path = HTTP;
			sourceTree = "<group>";
		};
		4AED5E5B271ECE7F00B7AC00 /* Clients */ = {
			isa = PBXGroup;
			children = (
				4AED5E68271FF27B00B7AC00 /* Responses */,
				4AED5E5F271EE63700B7AC00 /* Requests */,
				4AED5E5C271ECE9D00B7AC00 /* UserAPIClient.swift */,
			);
			path = Clients;
			sourceTree = "<group>";
		};
		4AED5E5E271ED0B200B7AC00 /* Interceptors */ = {
			isa = PBXGroup;
			children = (
				4AED5E62271EE9B000B7AC00 /* DefaultHeadersRequestInterceptor.swift */,
				4AED5E64271F729F00B7AC00 /* TokenHeaderRequestInterceptor.swift */,
			);
			path = Interceptors;
			sourceTree = "<group>";
		};
		4AED5E5F271EE63700B7AC00 /* Requests */ = {
			isa = PBXGroup;
			children = (
				4AED5E3C271D95FC00B7AC00 /* AuthenticationRequest.swift */,
				4AED5E60271EE71600B7AC00 /* UpdateLocationRequest.swift */,
			);
			path = Requests;
			sourceTree = "<group>";
		};
		4AED5E68271FF27B00B7AC00 /* Responses */ = {
			isa = PBXGroup;
			children = (
				4AED5E69271FF2B200B7AC00 /* BackendResponse.swift */,
				4AED5E6B271FF32E00B7AC00 /* UpdateLocationResponse.swift */,
				4AED5E6D2720039500B7AC00 /* AuthenticationResponse.swift */,
			);
			path = Responses;
			sourceTree = "<group>";
		};
		4AED5E7827201E2D00B7AC00 /* Storage */ = {
			isa = PBXGroup;
			children = (
				4AED5E702720176900B7AC00 /* Storage.swift */,
				4AED5E7227201AD200B7AC00 /* ProfileStorage.swift */,
				4AED5E7427201BCF00B7AC00 /* SimpleStringStorage.swift */,
				4AED5E7927201E5000B7AC00 /* StorageService.swift */,
			);
			path = Storage;
			sourceTree = "<group>";
		};
		4AED5E8427219E5C00B7AC00 /* Cells */ = {
			isa = PBXGroup;
			children = (
				4AED5E8527219E7300B7AC00 /* ProfileCell.swift */,
				4A155E5F2724D16600C8B867 /* UserMenuCell.swift */,
				4A155E5B2724438B00C8B867 /* SettingsMenuCell.swift */,
			);
			path = Cells;
			sourceTree = "<group>";
		};
/* End PBXGroup section */

/* Begin PBXNativeTarget section */
		4A3B5261271239CE00EF4F93 /* luzie-locke-ios */ = {
			isa = PBXNativeTarget;
			buildConfigurationList = 4A3B528C271239CF00EF4F93 /* Build configuration list for PBXNativeTarget "luzie-locke-ios" */;
			buildPhases = (
				4A3B525E271239CE00EF4F93 /* Sources */,
				4A3B525F271239CE00EF4F93 /* Frameworks */,
				4A3B5260271239CE00EF4F93 /* Resources */,
			);
			buildRules = (
			);
			dependencies = (
			);
			name = "luzie-locke-ios";
			packageProductDependencies = (
				4A3B52B82712DC9100EF4F93 /* FirebaseAuth */,
				4A3B52BA2712DC9100EF4F93 /* FirebaseStorage */,
				4A3B52BC2712DC9100EF4F93 /* FirebaseFirestore */,
				4A3B52BF2712DDCE00EF4F93 /* GoogleSignIn */,
			);
			productName = "luzie-locke-ios";
			productReference = 4A3B5262271239CE00EF4F93 /* luzie-locke-ios.app */;
			productType = "com.apple.product-type.application";
		};
		4A3B5277271239CF00EF4F93 /* luzie-locke-iosTests */ = {
			isa = PBXNativeTarget;
			buildConfigurationList = 4A3B528F271239CF00EF4F93 /* Build configuration list for PBXNativeTarget "luzie-locke-iosTests" */;
			buildPhases = (
				4A3B5274271239CF00EF4F93 /* Sources */,
				4A3B5275271239CF00EF4F93 /* Frameworks */,
				4A3B5276271239CF00EF4F93 /* Resources */,
			);
			buildRules = (
			);
			dependencies = (
				4A3B527A271239CF00EF4F93 /* PBXTargetDependency */,
			);
			name = "luzie-locke-iosTests";
			productName = "luzie-locke-iosTests";
			productReference = 4A3B5278271239CF00EF4F93 /* luzie-locke-iosTests.xctest */;
			productType = "com.apple.product-type.bundle.unit-test";
		};
/* End PBXNativeTarget section */

/* Begin PBXProject section */
		4A3B525A271239CE00EF4F93 /* Project object */ = {
			isa = PBXProject;
			attributes = {
				LastSwiftUpdateCheck = 1250;
				LastUpgradeCheck = 1250;
				TargetAttributes = {
					4A3B5261271239CE00EF4F93 = {
						CreatedOnToolsVersion = 12.5.1;
					};
					4A3B5277271239CF00EF4F93 = {
						CreatedOnToolsVersion = 12.5.1;
						TestTargetID = 4A3B5261271239CE00EF4F93;
					};
				};
			};
			buildConfigurationList = 4A3B525D271239CE00EF4F93 /* Build configuration list for PBXProject "luzie-locke-ios" */;
			compatibilityVersion = "Xcode 9.3";
			developmentRegion = en;
			hasScannedForEncodings = 0;
			knownRegions = (
				en,
				Base,
			);
			mainGroup = 4A3B5259271239CE00EF4F93;
			packageReferences = (
				4A3B52B72712DC9100EF4F93 /* XCRemoteSwiftPackageReference "firebase-ios-sdk" */,
				4A3B52BE2712DDCE00EF4F93 /* XCRemoteSwiftPackageReference "GoogleSignIn-iOS" */,
			);
			productRefGroup = 4A3B5263271239CE00EF4F93 /* Products */;
			projectDirPath = "";
			projectRoot = "";
			targets = (
				4A3B5261271239CE00EF4F93 /* luzie-locke-ios */,
				4A3B5277271239CF00EF4F93 /* luzie-locke-iosTests */,
			);
		};
/* End PBXProject section */

/* Begin PBXResourcesBuildPhase section */
		4A3B5260271239CE00EF4F93 /* Resources */ = {
			isa = PBXResourcesBuildPhase;
			buildActionMask = 2147483647;
			files = (
				4A3B5272271239CF00EF4F93 /* LaunchScreen.storyboard in Resources */,
				4AED5E1A27197BA400B7AC00 /* Frankfurt.gpx in Resources */,
				4A3B526F271239CF00EF4F93 /* Assets.xcassets in Resources */,
				4A3B52C22712DF2100EF4F93 /* GoogleService-Info.plist in Resources */,
			);
			runOnlyForDeploymentPostprocessing = 0;
		};
		4A3B5276271239CF00EF4F93 /* Resources */ = {
			isa = PBXResourcesBuildPhase;
			buildActionMask = 2147483647;
			files = (
			);
			runOnlyForDeploymentPostprocessing = 0;
		};
/* End PBXResourcesBuildPhase section */

/* Begin PBXSourcesBuildPhase section */
		4A3B525E271239CE00EF4F93 /* Sources */ = {
			isa = PBXSourcesBuildPhase;
			buildActionMask = 2147483647;
			files = (
				4AED5E5D271ECE9D00B7AC00 /* UserAPIClient.swift in Sources */,
				4AED5E712720176900B7AC00 /* Storage.swift in Sources */,
				4A155E462722E03600C8B867 /* OpenHTTPClient.swift in Sources */,
				4AED5E61271EE71600B7AC00 /* UpdateLocationRequest.swift in Sources */,
				4A3B52A9271256CD00EF4F93 /* LoginViewController.swift in Sources */,
				4A155E622725C1FD00C8B867 /* SettingsViewModel.swift in Sources */,
				4AED5E6A271FF2B200B7AC00 /* BackendResponse.swift in Sources */,
				4A3B52C92713A02D00EF4F93 /* UIViewController+Ext.swift in Sources */,
				4A3B52E12715C10500EF4F93 /* ChatsCoordinator.swift in Sources */,
				4A3B52CD2714419B00EF4F93 /* LLError.swift in Sources */,
				4A3B52B527126DB000EF4F93 /* ScreenTitleLabel.swift in Sources */,
				4A155E602724D16600C8B867 /* UserMenuCell.swift in Sources */,
				4AED5E802720C2D200B7AC00 /* JWTDecode.swift in Sources */,
				4AED5E7527201BCF00B7AC00 /* SimpleStringStorage.swift in Sources */,
				4A3B52D227144FF200EF4F93 /* User.swift in Sources */,
				4AED5E1D27197E1F00B7AC00 /* MapViewController.swift in Sources */,
				4A3B52C72713996000EF4F93 /* GoogleSignInService.swift in Sources */,
				4A3B52C427131FE800EF4F93 /* LoginViewModel.swift in Sources */,
				4AED5E7E2720A50400B7AC00 /* AuthService.swift in Sources */,
				4AED5E2A271ADC8500B7AC00 /* KRoundButton.swift in Sources */,
				4A3B529D2712421300EF4F93 /* SearchViewController.swift in Sources */,
				4A3B52A62712539300EF4F93 /* FirebaseAuthService.swift in Sources */,
				4AED5E8627219E7300B7AC00 /* ProfileCell.swift in Sources */,
				4A155E482722F31C00C8B867 /* KHTTPClient.swift in Sources */,
				4A3B526A271239CE00EF4F93 /* MainTabBarController.swift in Sources */,
				4A3B5266271239CE00EF4F93 /* AppDelegate.swift in Sources */,
				4A155E4027229D3600C8B867 /* AvatarImageView.swift in Sources */,
				4A3B52D527159CA300EF4F93 /* Coordinator.swift in Sources */,
				4AED5E30271C179F00B7AC00 /* KHeaderLabel.swift in Sources */,
				4AED5E3F271D9E8200B7AC00 /* BackendAPIClient.swift in Sources */,
				4AED5E6E2720039500B7AC00 /* AuthenticationResponse.swift in Sources */,
				4A3B52A22712461500EF4F93 /* ChatsViewController.swift in Sources */,
				4A3B5268271239CE00EF4F93 /* SceneDelegate.swift in Sources */,
				4A3B529B2712401D00EF4F93 /* HomeViewController.swift in Sources */,
				4AED5E65271F729F00B7AC00 /* TokenHeaderRequestInterceptor.swift in Sources */,
				4AED5E5A271EBEE700B7AC00 /* KHTTPAPIClient.swift in Sources */,
				4A3B52DF2715C0F200EF4F93 /* SearchCoordinator.swift in Sources */,
				4A3B52DD2715BA3700EF4F93 /* HomeCoordinator.swift in Sources */,
				4AED5E37271D92B400B7AC00 /* APIClient.swift in Sources */,
				4A155E5C2724438B00C8B867 /* SettingsMenuCell.swift in Sources */,
				4AEE8F6B2725D9B2004CB686 /* Bindable.swift in Sources */,
				4A155E432722A46300C8B867 /* Constants.swift in Sources */,
				4A3B52E32715C11900EF4F93 /* SettingsCoordinator.swift in Sources */,
				4AED5E6C271FF32E00B7AC00 /* UpdateLocationResponse.swift in Sources */,
				4AED5E3D271D95FC00B7AC00 /* AuthenticationRequest.swift in Sources */,
				4AED5E32271C189E00B7AC00 /* KBodyLabel.swift in Sources */,
				4A155E5A272415A800C8B867 /* UIView+Ext.swift in Sources */,
				4AED5E7327201AD200B7AC00 /* ProfileStorage.swift in Sources */,
				4AED5E63271EE9B000B7AC00 /* DefaultHeadersRequestInterceptor.swift in Sources */,
				4AED5E39271D92EA00B7AC00 /* APIRequest.swift in Sources */,
				4AED5E7C27209C8D00B7AC00 /* BackendAuthService.swift in Sources */,
				4A3B529F271242ED00EF4F93 /* SettingsViewController.swift in Sources */,
				4AED5E7A27201E5000B7AC00 /* StorageService.swift in Sources */,
				4AED5E34271C199600B7AC00 /* KBasicButton.swift in Sources */,
				4AED5E57271EBDF700B7AC00 /* KHTTPRequestInterceptor.swift in Sources */,
				4AED5E46271E2A3200B7AC00 /* BackendConfig.swift in Sources */,
				4A3B52DB2715ADEF00EF4F93 /* LoginCoordinator.swift in Sources */,
				4AED5E2D271B87ED00B7AC00 /* KAlertViewController.swift in Sources */,
			);
			runOnlyForDeploymentPostprocessing = 0;
		};
		4A3B5274271239CF00EF4F93 /* Sources */ = {
			isa = PBXSourcesBuildPhase;
			buildActionMask = 2147483647;
			files = (
				4AED5E25271A0CFD00B7AC00 /* MKViewMock.swift in Sources */,
				4A3B52B027125C6700EF4F93 /* AuthableMock.swift in Sources */,
				4AED5E27271A0D1300B7AC00 /* CLLocationManagerMock.swift in Sources */,
				4A3B52AB27125C0A00EF4F93 /* MainViewControllerTests.swift in Sources */,
				4AED5DD427174BDC00B7AC00 /* UserStorageMock.swift in Sources */,
				4AED5E202719D60000B7AC00 /* MapViewControllerTests.swift in Sources */,
				4A3B52E52716083A00EF4F93 /* CoordinatorMock.swift in Sources */,
			);
			runOnlyForDeploymentPostprocessing = 0;
		};
/* End PBXSourcesBuildPhase section */

/* Begin PBXTargetDependency section */
		4A3B527A271239CF00EF4F93 /* PBXTargetDependency */ = {
			isa = PBXTargetDependency;
			target = 4A3B5261271239CE00EF4F93 /* luzie-locke-ios */;
			targetProxy = 4A3B5279271239CF00EF4F93 /* PBXContainerItemProxy */;
		};
/* End PBXTargetDependency section */

/* Begin PBXVariantGroup section */
		4A3B5270271239CF00EF4F93 /* LaunchScreen.storyboard */ = {
			isa = PBXVariantGroup;
			children = (
				4A3B5271271239CF00EF4F93 /* Base */,
			);
			name = LaunchScreen.storyboard;
			sourceTree = "<group>";
		};
/* End PBXVariantGroup section */

/* Begin XCBuildConfiguration section */
		4A3B528A271239CF00EF4F93 /* Debug */ = {
			isa = XCBuildConfiguration;
			buildSettings = {
				ALWAYS_SEARCH_USER_PATHS = NO;
				CLANG_ANALYZER_NONNULL = YES;
				CLANG_ANALYZER_NUMBER_OBJECT_CONVERSION = YES_AGGRESSIVE;
				CLANG_CXX_LANGUAGE_STANDARD = "gnu++14";
				CLANG_CXX_LIBRARY = "libc++";
				CLANG_ENABLE_MODULES = YES;
				CLANG_ENABLE_OBJC_ARC = YES;
				CLANG_ENABLE_OBJC_WEAK = YES;
				CLANG_WARN_BLOCK_CAPTURE_AUTORELEASING = YES;
				CLANG_WARN_BOOL_CONVERSION = YES;
				CLANG_WARN_COMMA = YES;
				CLANG_WARN_CONSTANT_CONVERSION = YES;
				CLANG_WARN_DEPRECATED_OBJC_IMPLEMENTATIONS = YES;
				CLANG_WARN_DIRECT_OBJC_ISA_USAGE = YES_ERROR;
				CLANG_WARN_DOCUMENTATION_COMMENTS = YES;
				CLANG_WARN_EMPTY_BODY = YES;
				CLANG_WARN_ENUM_CONVERSION = YES;
				CLANG_WARN_INFINITE_RECURSION = YES;
				CLANG_WARN_INT_CONVERSION = YES;
				CLANG_WARN_NON_LITERAL_NULL_CONVERSION = YES;
				CLANG_WARN_OBJC_IMPLICIT_RETAIN_SELF = YES;
				CLANG_WARN_OBJC_LITERAL_CONVERSION = YES;
				CLANG_WARN_OBJC_ROOT_CLASS = YES_ERROR;
				CLANG_WARN_QUOTED_INCLUDE_IN_FRAMEWORK_HEADER = YES;
				CLANG_WARN_RANGE_LOOP_ANALYSIS = YES;
				CLANG_WARN_STRICT_PROTOTYPES = YES;
				CLANG_WARN_SUSPICIOUS_MOVE = YES;
				CLANG_WARN_UNGUARDED_AVAILABILITY = YES_AGGRESSIVE;
				CLANG_WARN_UNREACHABLE_CODE = YES;
				CLANG_WARN__DUPLICATE_METHOD_MATCH = YES;
				COPY_PHASE_STRIP = NO;
				DEBUG_INFORMATION_FORMAT = dwarf;
				ENABLE_STRICT_OBJC_MSGSEND = YES;
				ENABLE_TESTABILITY = YES;
				GCC_C_LANGUAGE_STANDARD = gnu11;
				GCC_DYNAMIC_NO_PIC = NO;
				GCC_NO_COMMON_BLOCKS = YES;
				GCC_OPTIMIZATION_LEVEL = 0;
				GCC_PREPROCESSOR_DEFINITIONS = (
					"DEBUG=1",
					"$(inherited)",
				);
				GCC_WARN_64_TO_32_BIT_CONVERSION = YES;
				GCC_WARN_ABOUT_RETURN_TYPE = YES_ERROR;
				GCC_WARN_UNDECLARED_SELECTOR = YES;
				GCC_WARN_UNINITIALIZED_AUTOS = YES_AGGRESSIVE;
				GCC_WARN_UNUSED_FUNCTION = YES;
				GCC_WARN_UNUSED_VARIABLE = YES;
				IPHONEOS_DEPLOYMENT_TARGET = 14.5;
				MTL_ENABLE_DEBUG_INFO = INCLUDE_SOURCE;
				MTL_FAST_MATH = YES;
				ONLY_ACTIVE_ARCH = YES;
				SDKROOT = iphoneos;
				SWIFT_ACTIVE_COMPILATION_CONDITIONS = DEBUG;
				SWIFT_OPTIMIZATION_LEVEL = "-Onone";
			};
			name = Debug;
		};
		4A3B528B271239CF00EF4F93 /* Release */ = {
			isa = XCBuildConfiguration;
			buildSettings = {
				ALWAYS_SEARCH_USER_PATHS = NO;
				CLANG_ANALYZER_NONNULL = YES;
				CLANG_ANALYZER_NUMBER_OBJECT_CONVERSION = YES_AGGRESSIVE;
				CLANG_CXX_LANGUAGE_STANDARD = "gnu++14";
				CLANG_CXX_LIBRARY = "libc++";
				CLANG_ENABLE_MODULES = YES;
				CLANG_ENABLE_OBJC_ARC = YES;
				CLANG_ENABLE_OBJC_WEAK = YES;
				CLANG_WARN_BLOCK_CAPTURE_AUTORELEASING = YES;
				CLANG_WARN_BOOL_CONVERSION = YES;
				CLANG_WARN_COMMA = YES;
				CLANG_WARN_CONSTANT_CONVERSION = YES;
				CLANG_WARN_DEPRECATED_OBJC_IMPLEMENTATIONS = YES;
				CLANG_WARN_DIRECT_OBJC_ISA_USAGE = YES_ERROR;
				CLANG_WARN_DOCUMENTATION_COMMENTS = YES;
				CLANG_WARN_EMPTY_BODY = YES;
				CLANG_WARN_ENUM_CONVERSION = YES;
				CLANG_WARN_INFINITE_RECURSION = YES;
				CLANG_WARN_INT_CONVERSION = YES;
				CLANG_WARN_NON_LITERAL_NULL_CONVERSION = YES;
				CLANG_WARN_OBJC_IMPLICIT_RETAIN_SELF = YES;
				CLANG_WARN_OBJC_LITERAL_CONVERSION = YES;
				CLANG_WARN_OBJC_ROOT_CLASS = YES_ERROR;
				CLANG_WARN_QUOTED_INCLUDE_IN_FRAMEWORK_HEADER = YES;
				CLANG_WARN_RANGE_LOOP_ANALYSIS = YES;
				CLANG_WARN_STRICT_PROTOTYPES = YES;
				CLANG_WARN_SUSPICIOUS_MOVE = YES;
				CLANG_WARN_UNGUARDED_AVAILABILITY = YES_AGGRESSIVE;
				CLANG_WARN_UNREACHABLE_CODE = YES;
				CLANG_WARN__DUPLICATE_METHOD_MATCH = YES;
				COPY_PHASE_STRIP = NO;
				DEBUG_INFORMATION_FORMAT = "dwarf-with-dsym";
				ENABLE_NS_ASSERTIONS = NO;
				ENABLE_STRICT_OBJC_MSGSEND = YES;
				GCC_C_LANGUAGE_STANDARD = gnu11;
				GCC_NO_COMMON_BLOCKS = YES;
				GCC_WARN_64_TO_32_BIT_CONVERSION = YES;
				GCC_WARN_ABOUT_RETURN_TYPE = YES_ERROR;
				GCC_WARN_UNDECLARED_SELECTOR = YES;
				GCC_WARN_UNINITIALIZED_AUTOS = YES_AGGRESSIVE;
				GCC_WARN_UNUSED_FUNCTION = YES;
				GCC_WARN_UNUSED_VARIABLE = YES;
				IPHONEOS_DEPLOYMENT_TARGET = 14.5;
				MTL_ENABLE_DEBUG_INFO = NO;
				MTL_FAST_MATH = YES;
				SDKROOT = iphoneos;
				SWIFT_COMPILATION_MODE = wholemodule;
				SWIFT_OPTIMIZATION_LEVEL = "-O";
				VALIDATE_PRODUCT = YES;
			};
			name = Release;
		};
		4A3B528D271239CF00EF4F93 /* Debug */ = {
			isa = XCBuildConfiguration;
			buildSettings = {
				ASSETCATALOG_COMPILER_APPICON_NAME = AppIcon;
				ASSETCATALOG_COMPILER_GLOBAL_ACCENT_COLOR_NAME = AccentColor;
				CODE_SIGN_STYLE = Automatic;
				INFOPLIST_FILE = "luzie-locke-ios/Info.plist";
				LD_RUNPATH_SEARCH_PATHS = (
					"$(inherited)",
					"@executable_path/Frameworks",
				);
				PRODUCT_BUNDLE_IDENTIFIER = "kartoffelsoft.luzie-locke-ios";
				PRODUCT_NAME = "$(TARGET_NAME)";
				SWIFT_VERSION = 5.0;
				TARGETED_DEVICE_FAMILY = "1,2";
			};
			name = Debug;
		};
		4A3B528E271239CF00EF4F93 /* Release */ = {
			isa = XCBuildConfiguration;
			buildSettings = {
				ASSETCATALOG_COMPILER_APPICON_NAME = AppIcon;
				ASSETCATALOG_COMPILER_GLOBAL_ACCENT_COLOR_NAME = AccentColor;
				CODE_SIGN_STYLE = Automatic;
				INFOPLIST_FILE = "luzie-locke-ios/Info.plist";
				LD_RUNPATH_SEARCH_PATHS = (
					"$(inherited)",
					"@executable_path/Frameworks",
				);
				PRODUCT_BUNDLE_IDENTIFIER = "kartoffelsoft.luzie-locke-ios";
				PRODUCT_NAME = "$(TARGET_NAME)";
				SWIFT_VERSION = 5.0;
				TARGETED_DEVICE_FAMILY = "1,2";
			};
			name = Release;
		};
		4A3B5290271239CF00EF4F93 /* Debug */ = {
			isa = XCBuildConfiguration;
			buildSettings = {
				ALWAYS_EMBED_SWIFT_STANDARD_LIBRARIES = YES;
				BUNDLE_LOADER = "$(TEST_HOST)";
				CODE_SIGN_STYLE = Automatic;
				INFOPLIST_FILE = "luzie-locke-iosTests/Info.plist";
				IPHONEOS_DEPLOYMENT_TARGET = 14.5;
				LD_RUNPATH_SEARCH_PATHS = (
					"$(inherited)",
					"@executable_path/Frameworks",
					"@loader_path/Frameworks",
				);
				PRODUCT_BUNDLE_IDENTIFIER = "kartoffelsoft.luzie-locke-iosTests";
				PRODUCT_NAME = "$(TARGET_NAME)";
				SWIFT_VERSION = 5.0;
				TARGETED_DEVICE_FAMILY = "1,2";
				TEST_HOST = "$(BUILT_PRODUCTS_DIR)/luzie-locke-ios.app/luzie-locke-ios";
			};
			name = Debug;
		};
		4A3B5291271239CF00EF4F93 /* Release */ = {
			isa = XCBuildConfiguration;
			buildSettings = {
				ALWAYS_EMBED_SWIFT_STANDARD_LIBRARIES = YES;
				BUNDLE_LOADER = "$(TEST_HOST)";
				CODE_SIGN_STYLE = Automatic;
				INFOPLIST_FILE = "luzie-locke-iosTests/Info.plist";
				IPHONEOS_DEPLOYMENT_TARGET = 14.5;
				LD_RUNPATH_SEARCH_PATHS = (
					"$(inherited)",
					"@executable_path/Frameworks",
					"@loader_path/Frameworks",
				);
				PRODUCT_BUNDLE_IDENTIFIER = "kartoffelsoft.luzie-locke-iosTests";
				PRODUCT_NAME = "$(TARGET_NAME)";
				SWIFT_VERSION = 5.0;
				TARGETED_DEVICE_FAMILY = "1,2";
				TEST_HOST = "$(BUILT_PRODUCTS_DIR)/luzie-locke-ios.app/luzie-locke-ios";
			};
			name = Release;
		};
/* End XCBuildConfiguration section */

/* Begin XCConfigurationList section */
		4A3B525D271239CE00EF4F93 /* Build configuration list for PBXProject "luzie-locke-ios" */ = {
			isa = XCConfigurationList;
			buildConfigurations = (
				4A3B528A271239CF00EF4F93 /* Debug */,
				4A3B528B271239CF00EF4F93 /* Release */,
			);
			defaultConfigurationIsVisible = 0;
			defaultConfigurationName = Release;
		};
		4A3B528C271239CF00EF4F93 /* Build configuration list for PBXNativeTarget "luzie-locke-ios" */ = {
			isa = XCConfigurationList;
			buildConfigurations = (
				4A3B528D271239CF00EF4F93 /* Debug */,
				4A3B528E271239CF00EF4F93 /* Release */,
			);
			defaultConfigurationIsVisible = 0;
			defaultConfigurationName = Release;
		};
		4A3B528F271239CF00EF4F93 /* Build configuration list for PBXNativeTarget "luzie-locke-iosTests" */ = {
			isa = XCConfigurationList;
			buildConfigurations = (
				4A3B5290271239CF00EF4F93 /* Debug */,
				4A3B5291271239CF00EF4F93 /* Release */,
			);
			defaultConfigurationIsVisible = 0;
			defaultConfigurationName = Release;
		};
/* End XCConfigurationList section */

/* Begin XCRemoteSwiftPackageReference section */
		4A3B52B72712DC9100EF4F93 /* XCRemoteSwiftPackageReference "firebase-ios-sdk" */ = {
			isa = XCRemoteSwiftPackageReference;
			repositoryURL = "https://github.com/firebase/firebase-ios-sdk.git";
			requirement = {
				kind = upToNextMajorVersion;
				minimumVersion = 8.8.1;
			};
		};
		4A3B52BE2712DDCE00EF4F93 /* XCRemoteSwiftPackageReference "GoogleSignIn-iOS" */ = {
			isa = XCRemoteSwiftPackageReference;
			repositoryURL = "https://github.com/google/GoogleSignIn-iOS/";
			requirement = {
				kind = upToNextMajorVersion;
				minimumVersion = 6.0.2;
			};
		};
/* End XCRemoteSwiftPackageReference section */

/* Begin XCSwiftPackageProductDependency section */
		4A3B52B82712DC9100EF4F93 /* FirebaseAuth */ = {
			isa = XCSwiftPackageProductDependency;
			package = 4A3B52B72712DC9100EF4F93 /* XCRemoteSwiftPackageReference "firebase-ios-sdk" */;
			productName = FirebaseAuth;
		};
		4A3B52BA2712DC9100EF4F93 /* FirebaseStorage */ = {
			isa = XCSwiftPackageProductDependency;
			package = 4A3B52B72712DC9100EF4F93 /* XCRemoteSwiftPackageReference "firebase-ios-sdk" */;
			productName = FirebaseStorage;
		};
		4A3B52BC2712DC9100EF4F93 /* FirebaseFirestore */ = {
			isa = XCSwiftPackageProductDependency;
			package = 4A3B52B72712DC9100EF4F93 /* XCRemoteSwiftPackageReference "firebase-ios-sdk" */;
			productName = FirebaseFirestore;
		};
		4A3B52BF2712DDCE00EF4F93 /* GoogleSignIn */ = {
			isa = XCSwiftPackageProductDependency;
			package = 4A3B52BE2712DDCE00EF4F93 /* XCRemoteSwiftPackageReference "GoogleSignIn-iOS" */;
			productName = GoogleSignIn;
		};
/* End XCSwiftPackageProductDependency section */
	};
	rootObject = 4A3B525A271239CE00EF4F93 /* Project object */;
}
